// !$*UTF8*$!
{
	archiveVersion = 1;
	classes = {
	};
	objectVersion = 46;
	objects = {

/* Begin PBXBuildFile section */
		323D1A2A1993F7F3006BD6ED /* Foundation.framework in Frameworks */ = {isa = PBXBuildFile; fileRef = 323D1A291993F7F3006BD6ED /* Foundation.framework */; };
		323D1A2C1993F7F3006BD6ED /* CoreGraphics.framework in Frameworks */ = {isa = PBXBuildFile; fileRef = 323D1A2B1993F7F3006BD6ED /* CoreGraphics.framework */; };
		323D1A2E1993F7F3006BD6ED /* UIKit.framework in Frameworks */ = {isa = PBXBuildFile; fileRef = 323D1A2D1993F7F3006BD6ED /* UIKit.framework */; };
		323D1A301993F7F3006BD6ED /* SpriteKit.framework in Frameworks */ = {isa = PBXBuildFile; fileRef = 323D1A2F1993F7F3006BD6ED /* SpriteKit.framework */; };
		323D1A361993F7F3006BD6ED /* InfoPlist.strings in Resources */ = {isa = PBXBuildFile; fileRef = 323D1A341993F7F3006BD6ED /* InfoPlist.strings */; };
		323D1A381993F7F3006BD6ED /* main.m in Sources */ = {isa = PBXBuildFile; fileRef = 323D1A371993F7F3006BD6ED /* main.m */; };
		323D1A3C1993F7F3006BD6ED /* AppDelegate.m in Sources */ = {isa = PBXBuildFile; fileRef = 323D1A3B1993F7F3006BD6ED /* AppDelegate.m */; };
		323D1A3F1993F7F3006BD6ED /* Main.storyboard in Resources */ = {isa = PBXBuildFile; fileRef = 323D1A3D1993F7F3006BD6ED /* Main.storyboard */; };
		323D1A421993F7F3006BD6ED /* ViewController.m in Sources */ = {isa = PBXBuildFile; fileRef = 323D1A411993F7F3006BD6ED /* ViewController.m */; };
		323D1A451993F7F3006BD6ED /* MyScene.m in Sources */ = {isa = PBXBuildFile; fileRef = 323D1A441993F7F3006BD6ED /* MyScene.m */; };
		323D1A471993F7F3006BD6ED /* Spaceship.png in Resources */ = {isa = PBXBuildFile; fileRef = 323D1A461993F7F3006BD6ED /* Spaceship.png */; };
		323D1A491993F7F3006BD6ED /* Images.xcassets in Resources */ = {isa = PBXBuildFile; fileRef = 323D1A481993F7F3006BD6ED /* Images.xcassets */; };
		323D1A501993F7F3006BD6ED /* XCTest.framework in Frameworks */ = {isa = PBXBuildFile; fileRef = 323D1A4F1993F7F3006BD6ED /* XCTest.framework */; };
		323D1A511993F7F3006BD6ED /* Foundation.framework in Frameworks */ = {isa = PBXBuildFile; fileRef = 323D1A291993F7F3006BD6ED /* Foundation.framework */; };
		323D1A521993F7F3006BD6ED /* UIKit.framework in Frameworks */ = {isa = PBXBuildFile; fileRef = 323D1A2D1993F7F3006BD6ED /* UIKit.framework */; };
		323D1A5A1993F7F3006BD6ED /* InfoPlist.strings in Resources */ = {isa = PBXBuildFile; fileRef = 323D1A581993F7F3006BD6ED /* InfoPlist.strings */; };
		323D1A5C1993F7F3006BD6ED /* SpriteKitSimpleGameTests.m in Sources */ = {isa = PBXBuildFile; fileRef = 323D1A5B1993F7F3006BD6ED /* SpriteKitSimpleGameTests.m */; };
/* End PBXBuildFile section */

/* Begin PBXContainerItemProxy section */
		323D1A531993F7F3006BD6ED /* PBXContainerItemProxy */ = {
			isa = PBXContainerItemProxy;
			containerPortal = 323D1A1E1993F7F3006BD6ED /* Project object */;
			proxyType = 1;
			remoteGlobalIDString = 323D1A251993F7F3006BD6ED;
			remoteInfo = SpriteKitSimpleGame;
		};
/* End PBXContainerItemProxy section */

/* Begin PBXFileReference section */
		323D1A261993F7F3006BD6ED /* SpriteKitSimpleGame.app */ = {isa = PBXFileReference; explicitFileType = wrapper.application; includeInIndex = 0; path = SpriteKitSimpleGame.app; sourceTree = BUILT_PRODUCTS_DIR; };
		323D1A291993F7F3006BD6ED /* Foundation.framework */ = {isa = PBXFileReference; lastKnownFileType = wrapper.framework; name = Foundation.framework; path = System/Library/Frameworks/Foundation.framework; sourceTree = SDKROOT; };
		323D1A2B1993F7F3006BD6ED /* CoreGraphics.framework */ = {isa = PBXFileReference; lastKnownFileType = wrapper.framework; name = CoreGraphics.framework; path = System/Library/Frameworks/CoreGraphics.framework; sourceTree = SDKROOT; };
		323D1A2D1993F7F3006BD6ED /* UIKit.framework */ = {isa = PBXFileReference; lastKnownFileType = wrapper.framework; name = UIKit.framework; path = System/Library/Frameworks/UIKit.framework; sourceTree = SDKROOT; };
		323D1A2F1993F7F3006BD6ED /* SpriteKit.framework */ = {isa = PBXFileReference; lastKnownFileType = wrapper.framework; name = SpriteKit.framework; path = System/Library/Frameworks/SpriteKit.framework; sourceTree = SDKROOT; };
		323D1A331993F7F3006BD6ED /* SpriteKitSimpleGame-Info.plist */ = {isa = PBXFileReference; lastKnownFileType = text.plist.xml; path = "SpriteKitSimpleGame-Info.plist"; sourceTree = "<group>"; };
		323D1A351993F7F3006BD6ED /* en */ = {isa = PBXFileReference; lastKnownFileType = text.plist.strings; name = en; path = en.lproj/InfoPlist.strings; sourceTree = "<group>"; };
		323D1A371993F7F3006BD6ED /* main.m */ = {isa = PBXFileReference; lastKnownFileType = sourcecode.c.objc; path = main.m; sourceTree = "<group>"; };
		323D1A391993F7F3006BD6ED /* SpriteKitSimpleGame-Prefix.pch */ = {isa = PBXFileReference; lastKnownFileType = sourcecode.c.h; path = "SpriteKitSimpleGame-Prefix.pch"; sourceTree = "<group>"; };
		323D1A3A1993F7F3006BD6ED /* AppDelegate.h */ = {isa = PBXFileReference; lastKnownFileType = sourcecode.c.h; path = AppDelegate.h; sourceTree = "<group>"; };
		323D1A3B1993F7F3006BD6ED /* AppDelegate.m */ = {isa = PBXFileReference; lastKnownFileType = sourcecode.c.objc; path = AppDelegate.m; sourceTree = "<group>"; };
		323D1A3E1993F7F3006BD6ED /* Base */ = {isa = PBXFileReference; lastKnownFileType = file.storyboard; name = Base; path = Base.lproj/Main.storyboard; sourceTree = "<group>"; };
		323D1A401993F7F3006BD6ED /* ViewController.h */ = {isa = PBXFileReference; lastKnownFileType = sourcecode.c.h; path = ViewController.h; sourceTree = "<group>"; };
		323D1A411993F7F3006BD6ED /* ViewController.m */ = {isa = PBXFileReference; lastKnownFileType = sourcecode.c.objc; path = ViewController.m; sourceTree = "<group>"; };
		323D1A431993F7F3006BD6ED /* MyScene.h */ = {isa = PBXFileReference; lastKnownFileType = sourcecode.c.h; path = MyScene.h; sourceTree = "<group>"; };
		323D1A441993F7F3006BD6ED /* MyScene.m */ = {isa = PBXFileReference; lastKnownFileType = sourcecode.c.objc; path = MyScene.m; sourceTree = "<group>"; };
		323D1A461993F7F3006BD6ED /* Spaceship.png */ = {isa = PBXFileReference; lastKnownFileType = image.png; path = Spaceship.png; sourceTree = "<group>"; };
		323D1A481993F7F3006BD6ED /* Images.xcassets */ = {isa = PBXFileReference; lastKnownFileType = folder.assetcatalog; path = Images.xcassets; sourceTree = "<group>"; };
		323D1A4E1993F7F3006BD6ED /* SpriteKitSimpleGameTests.xctest */ = {isa = PBXFileReference; explicitFileType = wrapper.cfbundle; includeInIndex = 0; path = SpriteKitSimpleGameTests.xctest; sourceTree = BUILT_PRODUCTS_DIR; };
		323D1A4F1993F7F3006BD6ED /* XCTest.framework */ = {isa = PBXFileReference; lastKnownFileType = wrapper.framework; name = XCTest.framework; path = Library/Frameworks/XCTest.framework; sourceTree = DEVELOPER_DIR; };
		323D1A571993F7F3006BD6ED /* SpriteKitSimpleGameTests-Info.plist */ = {isa = PBXFileReference; lastKnownFileType = text.plist.xml; path = "SpriteKitSimpleGameTests-Info.plist"; sourceTree = "<group>"; };
		323D1A591993F7F3006BD6ED /* en */ = {isa = PBXFileReference; lastKnownFileType = text.plist.strings; name = en; path = en.lproj/InfoPlist.strings; sourceTree = "<group>"; };
		323D1A5B1993F7F3006BD6ED /* SpriteKitSimpleGameTests.m */ = {isa = PBXFileReference; lastKnownFileType = sourcecode.c.objc; path = SpriteKitSimpleGameTests.m; sourceTree = "<group>"; };
/* End PBXFileReference section */

/* Begin PBXFrameworksBuildPhase section */
		323D1A231993F7F3006BD6ED /* Frameworks */ = {
			isa = PBXFrameworksBuildPhase;
			buildActionMask = 2147483647;
			files = (
				323D1A2C1993F7F3006BD6ED /* CoreGraphics.framework in Frameworks */,
				323D1A2E1993F7F3006BD6ED /* UIKit.framework in Frameworks */,
				323D1A301993F7F3006BD6ED /* SpriteKit.framework in Frameworks */,
				323D1A2A1993F7F3006BD6ED /* Foundation.framework in Frameworks */,
			);
			runOnlyForDeploymentPostprocessing = 0;
		};
		323D1A4B1993F7F3006BD6ED /* Frameworks */ = {
			isa = PBXFrameworksBuildPhase;
			buildActionMask = 2147483647;
			files = (
				323D1A501993F7F3006BD6ED /* XCTest.framework in Frameworks */,
				323D1A521993F7F3006BD6ED /* UIKit.framework in Frameworks */,
				323D1A511993F7F3006BD6ED /* Foundation.framework in Frameworks */,
			);
			runOnlyForDeploymentPostprocessing = 0;
		};
/* End PBXFrameworksBuildPhase section */

/* Begin PBXGroup section */
		323D1A1D1993F7F3006BD6ED = {
			isa = PBXGroup;
			children = (
				323D1A311993F7F3006BD6ED /* SpriteKitSimpleGame */,
				323D1A551993F7F3006BD6ED /* SpriteKitSimpleGameTests */,
				323D1A281993F7F3006BD6ED /* Frameworks */,
				323D1A271993F7F3006BD6ED /* Products */,
			);
			sourceTree = "<group>";
		};
		323D1A271993F7F3006BD6ED /* Products */ = {
			isa = PBXGroup;
			children = (
				323D1A261993F7F3006BD6ED /* SpriteKitSimpleGame.app */,
				323D1A4E1993F7F3006BD6ED /* SpriteKitSimpleGameTests.xctest */,
			);
			name = Products;
			sourceTree = "<group>";
		};
		323D1A281993F7F3006BD6ED /* Frameworks */ = {
			isa = PBXGroup;
			children = (
				323D1A291993F7F3006BD6ED /* Foundation.framework */,
				323D1A2B1993F7F3006BD6ED /* CoreGraphics.framework */,
				323D1A2D1993F7F3006BD6ED /* UIKit.framework */,
				323D1A2F1993F7F3006BD6ED /* SpriteKit.framework */,
				323D1A4F1993F7F3006BD6ED /* XCTest.framework */,
			);
			name = Frameworks;
			sourceTree = "<group>";
		};
		323D1A311993F7F3006BD6ED /* SpriteKitSimpleGame */ = {
			isa = PBXGroup;
			children = (
				323D1A3A1993F7F3006BD6ED /* AppDelegate.h */,
				323D1A3B1993F7F3006BD6ED /* AppDelegate.m */,
				323D1A3D1993F7F3006BD6ED /* Main.storyboard */,
				323D1A401993F7F3006BD6ED /* ViewController.h */,
				323D1A411993F7F3006BD6ED /* ViewController.m */,
				323D1A431993F7F3006BD6ED /* MyScene.h */,
				323D1A441993F7F3006BD6ED /* MyScene.m */,
				323D1A461993F7F3006BD6ED /* Spaceship.png */,
				323D1A481993F7F3006BD6ED /* Images.xcassets */,
				323D1A321993F7F3006BD6ED /* Supporting Files */,
			);
			path = SpriteKitSimpleGame;
			sourceTree = "<group>";
		};
		323D1A321993F7F3006BD6ED /* Supporting Files */ = {
			isa = PBXGroup;
			children = (
				323D1A331993F7F3006BD6ED /* SpriteKitSimpleGame-Info.plist */,
				323D1A341993F7F3006BD6ED /* InfoPlist.strings */,
				323D1A371993F7F3006BD6ED /* main.m */,
				323D1A391993F7F3006BD6ED /* SpriteKitSimpleGame-Prefix.pch */,
			);
			name = "Supporting Files";
			sourceTree = "<group>";
		};
		323D1A551993F7F3006BD6ED /* SpriteKitSimpleGameTests */ = {
			isa = PBXGroup;
			children = (
				323D1A5B1993F7F3006BD6ED /* SpriteKitSimpleGameTests.m */,
				323D1A561993F7F3006BD6ED /* Supporting Files */,
			);
			path = SpriteKitSimpleGameTests;
			sourceTree = "<group>";
		};
		323D1A561993F7F3006BD6ED /* Supporting Files */ = {
			isa = PBXGroup;
			children = (
				323D1A571993F7F3006BD6ED /* SpriteKitSimpleGameTests-Info.plist */,
				323D1A581993F7F3006BD6ED /* InfoPlist.strings */,
			);
			name = "Supporting Files";
			sourceTree = "<group>";
		};
/* End PBXGroup section */

/* Begin PBXNativeTarget section */
		323D1A251993F7F3006BD6ED /* SpriteKitSimpleGame */ = {
			isa = PBXNativeTarget;
			buildConfigurationList = 323D1A5F1993F7F3006BD6ED /* Build configuration list for PBXNativeTarget "SpriteKitSimpleGame" */;
			buildPhases = (
				323D1A221993F7F3006BD6ED /* Sources */,
				323D1A231993F7F3006BD6ED /* Frameworks */,
				323D1A241993F7F3006BD6ED /* Resources */,
			);
			buildRules = (
			);
			dependencies = (
			);
			name = SpriteKitSimpleGame;
			productName = SpriteKitSimpleGame;
			productReference = 323D1A261993F7F3006BD6ED /* SpriteKitSimpleGame.app */;
			productType = "com.apple.product-type.application";
		};
		323D1A4D1993F7F3006BD6ED /* SpriteKitSimpleGameTests */ = {
			isa = PBXNativeTarget;
			buildConfigurationList = 323D1A621993F7F3006BD6ED /* Build configuration list for PBXNativeTarget "SpriteKitSimpleGameTests" */;
			buildPhases = (
				323D1A4A1993F7F3006BD6ED /* Sources */,
				323D1A4B1993F7F3006BD6ED /* Frameworks */,
				323D1A4C1993F7F3006BD6ED /* Resources */,
			);
			buildRules = (
			);
			dependencies = (
				323D1A541993F7F3006BD6ED /* PBXTargetDependency */,
			);
			name = SpriteKitSimpleGameTests;
			productName = SpriteKitSimpleGameTests;
			productReference = 323D1A4E1993F7F3006BD6ED /* SpriteKitSimpleGameTests.xctest */;
			productType = "com.apple.product-type.bundle.unit-test";
		};
/* End PBXNativeTarget section */

/* Begin PBXProject section */
		323D1A1E1993F7F3006BD6ED /* Project object */ = {
			isa = PBXProject;
			attributes = {
				LastUpgradeCheck = 0510;
				ORGANIZATIONNAME = "Jeff Berman";
				TargetAttributes = {
					323D1A4D1993F7F3006BD6ED = {
						TestTargetID = 323D1A251993F7F3006BD6ED;
					};
				};
			};
			buildConfigurationList = 323D1A211993F7F3006BD6ED /* Build configuration list for PBXProject "SpriteKitSimpleGame" */;
			compatibilityVersion = "Xcode 3.2";
			developmentRegion = English;
			hasScannedForEncodings = 0;
			knownRegions = (
				en,
				Base,
			);
			mainGroup = 323D1A1D1993F7F3006BD6ED;
			productRefGroup = 323D1A271993F7F3006BD6ED /* Products */;
			projectDirPath = "";
			projectRoot = "";
			targets = (
				323D1A251993F7F3006BD6ED /* SpriteKitSimpleGame */,
				323D1A4D1993F7F3006BD6ED /* SpriteKitSimpleGameTests */,
			);
		};
/* End PBXProject section */

/* Begin PBXResourcesBuildPhase section */
		323D1A241993F7F3006BD6ED /* Resources */ = {
			isa = PBXResourcesBuildPhase;
			buildActionMask = 2147483647;
			files = (
				323D1A361993F7F3006BD6ED /* InfoPlist.strings in Resources */,
				323D1A491993F7F3006BD6ED /* Images.xcassets in Resources */,
				323D1A471993F7F3006BD6ED /* Spaceship.png in Resources */,
				323D1A3F1993F7F3006BD6ED /* Main.storyboard in Resources */,
			);
			runOnlyForDeploymentPostprocessing = 0;
		};
		323D1A4C1993F7F3006BD6ED /* Resources */ = {
			isa = PBXResourcesBuildPhase;
			buildActionMask = 2147483647;
			files = (
				323D1A5A1993F7F3006BD6ED /* InfoPlist.strings in Resources */,
			);
			runOnlyForDeploymentPostprocessing = 0;
		};
/* End PBXResourcesBuildPhase section */

/* Begin PBXSourcesBuildPhase section */
		323D1A221993F7F3006BD6ED /* Sources */ = {
			isa = PBXSourcesBuildPhase;
			buildActionMask = 2147483647;
			files = (
				323D1A451993F7F3006BD6ED /* MyScene.m in Sources */,
				323D1A421993F7F3006BD6ED /* ViewController.m in Sources */,
				323D1A3C1993F7F3006BD6ED /* AppDelegate.m in Sources */,
				323D1A381993F7F3006BD6ED /* main.m in Sources */,
			);
			runOnlyForDeploymentPostprocessing = 0;
		};
		323D1A4A1993F7F3006BD6ED /* Sources */ = {
			isa = PBXSourcesBuildPhase;
			buildActionMask = 2147483647;
			files = (
				323D1A5C1993F7F3006BD6ED /* SpriteKitSimpleGameTests.m in Sources */,
			);
			runOnlyForDeploymentPostprocessing = 0;
		};
/* End PBXSourcesBuildPhase section */

/* Begin PBXTargetDependency section */
		323D1A541993F7F3006BD6ED /* PBXTargetDependency */ = {
			isa = PBXTargetDependency;
			target = 323D1A251993F7F3006BD6ED /* SpriteKitSimpleGame */;
			targetProxy = 323D1A531993F7F3006BD6ED /* PBXContainerItemProxy */;
		};
/* End PBXTargetDependency section */

/* Begin PBXVariantGroup section */
		323D1A341993F7F3006BD6ED /* InfoPlist.strings */ = {
			isa = PBXVariantGroup;
			children = (
				323D1A351993F7F3006BD6ED /* en */,
			);
			name = InfoPlist.strings;
			sourceTree = "<group>";
		};
		323D1A3D1993F7F3006BD6ED /* Main.storyboard */ = {
			isa = PBXVariantGroup;
			children = (
				323D1A3E1993F7F3006BD6ED /* Base */,
			);
			name = Main.storyboard;
			sourceTree = "<group>";
		};
		323D1A581993F7F3006BD6ED /* InfoPlist.strings */ = {
			isa = PBXVariantGroup;
			children = (
				323D1A591993F7F3006BD6ED /* en */,
			);
			name = InfoPlist.strings;
			sourceTree = "<group>";
		};
/* End PBXVariantGroup section */

/* Begin XCBuildConfiguration section */
		323D1A5D1993F7F3006BD6ED /* Debug */ = {
			isa = XCBuildConfiguration;
			buildSettings = {
				ALWAYS_SEARCH_USER_PATHS = NO;
				CLANG_CXX_LANGUAGE_STANDARD = "gnu++0x";
				CLANG_CXX_LIBRARY = "libc++";
				CLANG_ENABLE_MODULES = YES;
				CLANG_ENABLE_OBJC_ARC = YES;
				CLANG_WARN_BOOL_CONVERSION = YES;
				CLANG_WARN_CONSTANT_CONVERSION = YES;
				CLANG_WARN_DIRECT_OBJC_ISA_USAGE = YES_ERROR;
				CLANG_WARN_EMPTY_BODY = YES;
				CLANG_WARN_ENUM_CONVERSION = YES;
				CLANG_WARN_INT_CONVERSION = YES;
				CLANG_WARN_OBJC_ROOT_CLASS = YES_ERROR;
				CLANG_WARN__DUPLICATE_METHOD_MATCH = YES;
				"CODE_SIGN_IDENTITY[sdk=iphoneos*]" = "iPhone Developer";
				COPY_PHASE_STRIP = NO;
				GCC_C_LANGUAGE_STANDARD = gnu99;
				GCC_DYNAMIC_NO_PIC = NO;
				GCC_OPTIMIZATION_LEVEL = 0;
				GCC_PREPROCESSOR_DEFINITIONS = (
					"DEBUG=1",
					"$(inherited)",
				);
				GCC_SYMBOLS_PRIVATE_EXTERN = NO;
				GCC_WARN_64_TO_32_BIT_CONVERSION = YES;
				GCC_WARN_ABOUT_RETURN_TYPE = YES_ERROR;
				GCC_WARN_UNDECLARED_SELECTOR = YES;
				GCC_WARN_UNINITIALIZED_AUTOS = YES_AGGRESSIVE;
				GCC_WARN_UNUSED_FUNCTION = YES;
				GCC_WARN_UNUSED_VARIABLE = YES;
				IPHONEOS_DEPLOYMENT_TARGET = 7.1;
				ONLY_ACTIVE_ARCH = YES;
				SDKROOT = iphoneos;
			};
			name = Debug;
		};
		323D1A5E1993F7F3006BD6ED /* Release */ = {
			isa = XCBuildConfiguration;
			buildSettings = {
				ALWAYS_SEARCH_USER_PATHS = NO;
				CLANG_CXX_LANGUAGE_STANDARD = "gnu++0x";
				CLANG_CXX_LIBRARY = "libc++";
				CLANG_ENABLE_MODULES = YES;
				CLANG_ENABLE_OBJC_ARC = YES;
				CLANG_WARN_BOOL_CONVERSION = YES;
				CLANG_WARN_CONSTANT_CONVERSION = YES;
				CLANG_WARN_DIRECT_OBJC_ISA_USAGE = YES_ERROR;
				CLANG_WARN_EMPTY_BODY = YES;
				CLANG_WARN_ENUM_CONVERSION = YES;
				CLANG_WARN_INT_CONVERSION = YES;
				CLANG_WARN_OBJC_ROOT_CLASS = YES_ERROR;
				CLANG_WARN__DUPLICATE_METHOD_MATCH = YES;
				"CODE_SIGN_IDENTITY[sdk=iphoneos*]" = "iPhone Developer";
				COPY_PHASE_STRIP = YES;
				ENABLE_NS_ASSERTIONS = NO;
				GCC_C_LANGUAGE_STANDARD = gnu99;
				GCC_WARN_64_TO_32_BIT_CONVERSION = YES;
				GCC_WARN_ABOUT_RETURN_TYPE = YES_ERROR;
				GCC_WARN_UNDECLARED_SELECTOR = YES;
				GCC_WARN_UNINITIALIZED_AUTOS = YES_AGGRESSIVE;
				GCC_WARN_UNUSED_FUNCTION = YES;
				GCC_WARN_UNUSED_VARIABLE = YES;
				IPHONEOS_DEPLOYMENT_TARGET = 7.1;
				SDKROOT = iphoneos;
				VALIDATE_PRODUCT = YES;
			};
			name = Release;
		};
		323D1A601993F7F3006BD6ED /* Debug */ = {
			isa = XCBuildConfiguration;
			buildSettings = {
				ASSETCATALOG_COMPILER_APPICON_NAME = AppIcon;
				ASSETCATALOG_COMPILER_LAUNCHIMAGE_NAME = LaunchImage;
				GCC_PRECOMPILE_PREFIX_HEADER = YES;
				GCC_PREFIX_HEADER = "SpriteKitSimpleGame/SpriteKitSimpleGame-Prefix.pch";
				INFOPLIST_FILE = "SpriteKitSimpleGame/SpriteKitSimpleGame-Info.plist";
				PRODUCT_NAME = "$(TARGET_NAME)";
				SPRITEKIT_TEXTURE_ATLAS_OUTPUT = YES;
				WRAPPER_EXTENSION = app;
			};
			name = Debug;
		};
		323D1A611993F7F3006BD6ED /* Release */ = {
			isa = XCBuildConfiguration;
			buildSettings = {
				ASSETCATALOG_COMPILER_APPICON_NAME = AppIcon;
				ASSETCATALOG_COMPILER_LAUNCHIMAGE_NAME = LaunchImage;
				GCC_PRECOMPILE_PREFIX_HEADER = YES;
				GCC_PREFIX_HEADER = "SpriteKitSimpleGame/SpriteKitSimpleGame-Prefix.pch";
				INFOPLIST_FILE = "SpriteKitSimpleGame/SpriteKitSimpleGame-Info.plist";
				PRODUCT_NAME = "$(TARGET_NAME)";
				SPRITEKIT_TEXTURE_ATLAS_OUTPUT = YES;
				WRAPPER_EXTENSION = app;
			};
			name = Release;
		};
		323D1A631993F7F3006BD6ED /* Debug */ = {
			isa = XCBuildConfiguration;
			buildSettings = {
				BUNDLE_LOADER = "$(BUILT_PRODUCTS_DIR)/SpriteKitSimpleGame.app/SpriteKitSimpleGame";
				FRAMEWORK_SEARCH_PATHS = (
					"$(SDKROOT)/Developer/Library/Frameworks",
					"$(inherited)",
					"$(DEVELOPER_FRAMEWORKS_DIR)",
				);
				GCC_PRECOMPILE_PREFIX_HEADER = YES;
				GCC_PREFIX_HEADER = "SpriteKitSimpleGame/SpriteKitSimpleGame-Prefix.pch";
				GCC_PREPROCESSOR_DEFINITIONS = (
					"DEBUG=1",
					"$(inherited)",
				);
				INFOPLIST_FILE = "SpriteKitSimpleGameTests/SpriteKitSimpleGameTests-Info.plist";
				PRODUCT_NAME = "$(TARGET_NAME)";
				TEST_HOST = "$(BUNDLE_LOADER)";
				WRAPPER_EXTENSION = xctest;
			};
			name = Debug;
		};
		323D1A641993F7F3006BD6ED /* Release */ = {
			isa = XCBuildConfiguration;
			buildSettings = {
				BUNDLE_LOADER = "$(BUILT_PRODUCTS_DIR)/SpriteKitSimpleGame.app/SpriteKitSimpleGame";
				FRAMEWORK_SEARCH_PATHS = (
					"$(SDKROOT)/Developer/Library/Frameworks",
					"$(inherited)",
					"$(DEVELOPER_FRAMEWORKS_DIR)",
				);
				GCC_PRECOMPILE_PREFIX_HEADER = YES;
				GCC_PREFIX_HEADER = "SpriteKitSimpleGame/SpriteKitSimpleGame-Prefix.pch";
				INFOPLIST_FILE = "SpriteKitSimpleGameTests/SpriteKitSimpleGameTests-Info.plist";
				PRODUCT_NAME = "$(TARGET_NAME)";
				TEST_HOST = "$(BUNDLE_LOADER)";
				WRAPPER_EXTENSION = xctest;
			};
			name = Release;
		};
/* End XCBuildConfiguration section */

/* Begin XCConfigurationList section */
		323D1A211993F7F3006BD6ED /* Build configuration list for PBXProject "SpriteKitSimpleGame" */ = {
			isa = XCConfigurationList;
			buildConfigurations = (
				323D1A5D1993F7F3006BD6ED /* Debug */,
				323D1A5E1993F7F3006BD6ED /* Release */,
			);
			defaultConfigurationIsVisible = 0;
			defaultConfigurationName = Release;
		};
		323D1A5F1993F7F3006BD6ED /* Build configuration list for PBXNativeTarget "SpriteKitSimpleGame" */ = {
			isa = XCConfigurationList;
			buildConfigurations = (
				323D1A601993F7F3006BD6ED /* Debug */,
				323D1A611993F7F3006BD6ED /* Release */,
			);
			defaultConfigurationIsVisible = 0;
		};
		323D1A621993F7F3006BD6ED /* Build configuration list for PBXNativeTarget "SpriteKitSimpleGameTests" */ = {
			isa = XCConfigurationList;
			buildConfigurations = (
				323D1A631993F7F3006BD6ED /* Debug */,
				323D1A641993F7F3006BD6ED /* Release */,
			);
			defaultConfigurationIsVisible = 0;
		};
/* End XCConfigurationList section */
	};
	rootObject = 323D1A1E1993F7F3006BD6ED /* Project object */;
}
